
Microsoft Visual Studio Solution File, Format Version 12.00
# Visual Studio Version 16
VisualStudioVersion = 16.0.30406.217
MinimumVisualStudioVersion = 10.0.40219.1
Project("{9A19103F-16F7-4668-BE54-9A1E7A4F7556}") = "WeatherSmuck", "WeatherSmuck\WeatherSmuck.csproj", "{56291023-E5FB-4E8B-B927-8EB31F80AC31}"
EndProject
Project("{FAE04EC0-301F-11D3-BF4B-00C04F79EFBC}") = "WeatherSmuck.Tests", "WeatherSmuck.Tests\WeatherSmuck.Tests.csproj", "{5E0BAEBC-0C97-4AF2-9107-F59BF1628B36}"
EndProject
Global
	GlobalSection(SolutionConfigurationPlatforms) = preSolution
		Debug|Any CPU = Debug|Any CPU
		Release|Any CPU = Release|Any CPU
	EndGlobalSection
	GlobalSection(ProjectConfigurationPlatforms) = postSolution
		{56291023-E5FB-4E8B-B927-8EB31F80AC31}.Debug|Any CPU.ActiveCfg = Debug|Any CPU
		{56291023-E5FB-4E8B-B927-8EB31F80AC31}.Debug|Any CPU.Build.0 = Debug|Any CPU
		{56291023-E5FB-4E8B-B927-8EB31F80AC31}.Release|Any CPU.ActiveCfg = Release|Any CPU
		{56291023-E5FB-4E8B-B927-8EB31F80AC31}.Release|Any CPU.Build.0 = Release|Any CPU
		{5E0BAEBC-0C97-4AF2-9107-F59BF1628B36}.Debug|Any CPU.ActiveCfg = Debug|Any CPU
		{5E0BAEBC-0C97-4AF2-9107-F59BF1628B36}.Debug|Any CPU.Build.0 = Debug|Any CPU
		{5E0BAEBC-0C97-4AF2-9107-F59BF1628B36}.Release|Any CPU.ActiveCfg = Release|Any CPU
		{5E0BAEBC-0C97-4AF2-9107-F59BF1628B36}.Release|Any CPU.Build.0 = Release|Any CPU
	EndGlobalSection
	GlobalSection(SolutionProperties) = preSolution
		HideSolutionNode = FALSE
	EndGlobalSection
	GlobalSection(ExtensibilityGlobals) = postSolution
		SolutionGuid = {DEDBF5F1-7A65-443C-91B4-0F8327117426}
	EndGlobalSection
EndGlobal
